// !$*UTF8*$!
{
	archiveVersion = 1;
	classes = {
	};
	objectVersion = 56;
	objects = {

/* Begin PBXBuildFile section */
		2AC908A02A1336F500A54275 /* ProfileModel.swift in Sources */ = {isa = PBXBuildFile; fileRef = 2AC9089F2A1336F500A54275 /* ProfileModel.swift */; };
		2AC908A22A1337AD00A54275 /* ProfileViewModel.swift in Sources */ = {isa = PBXBuildFile; fileRef = 2AC908A12A1337AD00A54275 /* ProfileViewModel.swift */; };
		2AC908A42A13383A00A54275 /* NetworkManager.swift in Sources */ = {isa = PBXBuildFile; fileRef = 2AC908A32A13383A00A54275 /* NetworkManager.swift */; };
		2AC908A92A13588000A54275 /* SharedObjects.swift in Sources */ = {isa = PBXBuildFile; fileRef = 2AC908A82A13588000A54275 /* SharedObjects.swift */; };
		2AC908AB2A1358B200A54275 /* Helper.swift in Sources */ = {isa = PBXBuildFile; fileRef = 2AC908AA2A1358B200A54275 /* Helper.swift */; };
		2AC908AD2A1358F700A54275 /* UIApplication+Extension.swift in Sources */ = {isa = PBXBuildFile; fileRef = 2AC908AC2A1358F700A54275 /* UIApplication+Extension.swift */; };
		2AC908B62A135AD300A54275 /* NVActivityIndicatorView.swift in Sources */ = {isa = PBXBuildFile; fileRef = 2AC908B02A135AD200A54275 /* NVActivityIndicatorView.swift */; };
		2AC908B72A135AD300A54275 /* NVActivityIndicatorAnimationCircleStrokeSpin.swift in Sources */ = {isa = PBXBuildFile; fileRef = 2AC908B12A135AD200A54275 /* NVActivityIndicatorAnimationCircleStrokeSpin.swift */; };
		2AC908B82A135AD300A54275 /* ProgressHud.swift in Sources */ = {isa = PBXBuildFile; fileRef = 2AC908B22A135AD300A54275 /* ProgressHud.swift */; };
		2AC908B92A135AD300A54275 /* NVActivityIndicatorAnimationDelegate.swift in Sources */ = {isa = PBXBuildFile; fileRef = 2AC908B32A135AD300A54275 /* NVActivityIndicatorAnimationDelegate.swift */; };
		2AC908BA2A135AD300A54275 /* NVActivityIndicatorAnimationBlank.swift in Sources */ = {isa = PBXBuildFile; fileRef = 2AC908B42A135AD300A54275 /* NVActivityIndicatorAnimationBlank.swift */; };
		2AC908BB2A135AD300A54275 /* NVActivityIndicatorShape.swift in Sources */ = {isa = PBXBuildFile; fileRef = 2AC908B52A135AD300A54275 /* NVActivityIndicatorShape.swift */; };
		2AC908BD2A135C2600A54275 /* Constants.swift in Sources */ = {isa = PBXBuildFile; fileRef = 2AC908BC2A135C2600A54275 /* Constants.swift */; };
		2AC908BF2A135C5800A54275 /* ErrorHandingProtocol.swift in Sources */ = {isa = PBXBuildFile; fileRef = 2AC908BE2A135C5800A54275 /* ErrorHandingProtocol.swift */; };
		2AC908C32A1362D900A54275 /* StoryBoardObjects.swift in Sources */ = {isa = PBXBuildFile; fileRef = 2AC908C22A1362D900A54275 /* StoryBoardObjects.swift */; };
		2AC908C62A1369E100A54275 /* TableHeaderProfile.swift in Sources */ = {isa = PBXBuildFile; fileRef = 2AC908C42A1369E100A54275 /* TableHeaderProfile.swift */; };
		2AC908C72A1369E100A54275 /* TableHeaderProfile.xib in Resources */ = {isa = PBXBuildFile; fileRef = 2AC908C52A1369E100A54275 /* TableHeaderProfile.xib */; };
		2AC908CA2A136C9B00A54275 /* CellProfileName.swift in Sources */ = {isa = PBXBuildFile; fileRef = 2AC908C82A136C9A00A54275 /* CellProfileName.swift */; };
		2AC908CB2A136C9B00A54275 /* CellProfileName.xib in Resources */ = {isa = PBXBuildFile; fileRef = 2AC908C92A136C9B00A54275 /* CellProfileName.xib */; };
		2AC908CE2A1372E700A54275 /* ProfileImageTableViewCell.swift in Sources */ = {isa = PBXBuildFile; fileRef = 2AC908CC2A1372E700A54275 /* ProfileImageTableViewCell.swift */; };
		2AC908CF2A1372E700A54275 /* ProfileImageTableViewCell.xib in Resources */ = {isa = PBXBuildFile; fileRef = 2AC908CD2A1372E700A54275 /* ProfileImageTableViewCell.xib */; };
		2ADC4CF62A129B450040E7FF /* AppDelegate.swift in Sources */ = {isa = PBXBuildFile; fileRef = 2ADC4CF52A129B450040E7FF /* AppDelegate.swift */; };
		2ADC4CFA2A129B450040E7FF /* ProfileViewController.swift in Sources */ = {isa = PBXBuildFile; fileRef = 2ADC4CF92A129B450040E7FF /* ProfileViewController.swift */; };
		2ADC4CFD2A129B450040E7FF /* Main.storyboard in Resources */ = {isa = PBXBuildFile; fileRef = 2ADC4CFB2A129B450040E7FF /* Main.storyboard */; };
		2ADC4CFF2A129B460040E7FF /* Assets.xcassets in Resources */ = {isa = PBXBuildFile; fileRef = 2ADC4CFE2A129B460040E7FF /* Assets.xcassets */; };
		2ADC4D022A129B460040E7FF /* LaunchScreen.storyboard in Resources */ = {isa = PBXBuildFile; fileRef = 2ADC4D002A129B460040E7FF /* LaunchScreen.storyboard */; };
		2ADC4D0D2A129B470040E7FF /* MyProfileTests.swift in Sources */ = {isa = PBXBuildFile; fileRef = 2ADC4D0C2A129B470040E7FF /* MyProfileTests.swift */; };
		2ADC4D172A129B470040E7FF /* MyProfileUITests.swift in Sources */ = {isa = PBXBuildFile; fileRef = 2ADC4D162A129B470040E7FF /* MyProfileUITests.swift */; };
		2ADC4D192A129B470040E7FF /* MyProfileUITestsLaunchTests.swift in Sources */ = {isa = PBXBuildFile; fileRef = 2ADC4D182A129B470040E7FF /* MyProfileUITestsLaunchTests.swift */; };
		2ADC4D2D2A129D2F0040E7FF /* Font+Extension.swift in Sources */ = {isa = PBXBuildFile; fileRef = 2ADC4D2B2A129D2F0040E7FF /* Font+Extension.swift */; };
		2ADC4D2E2A129D2F0040E7FF /* Color+Extension.swift in Sources */ = {isa = PBXBuildFile; fileRef = 2ADC4D2C2A129D2F0040E7FF /* Color+Extension.swift */; };
		2ADC4D312A129E110040E7FF /* Reachability.swift in Sources */ = {isa = PBXBuildFile; fileRef = 2ADC4D302A129E110040E7FF /* Reachability.swift */; };
		5427904E78AB529B1723BD52 /* Pods_MyProfileTests.framework in Frameworks */ = {isa = PBXBuildFile; fileRef = 09AA2370BF74AB79CCD651DD /* Pods_MyProfileTests.framework */; };
		A80FCAE9AFE58A5BDB527F24 /* Pods_MyProfile_MyProfileUITests.framework in Frameworks */ = {isa = PBXBuildFile; fileRef = BBE575BE8E8E717C7B73A5DA /* Pods_MyProfile_MyProfileUITests.framework */; };
		BA95B3057ADD2A2BEF0AFBD7 /* Pods_MyProfile.framework in Frameworks */ = {isa = PBXBuildFile; fileRef = D455F01B7ADB1A982617BCCC /* Pods_MyProfile.framework */; };
/* End PBXBuildFile section */

/* Begin PBXContainerItemProxy section */
		2ADC4D092A129B470040E7FF /* PBXContainerItemProxy */ = {
			isa = PBXContainerItemProxy;
			containerPortal = 2ADC4CEA2A129B450040E7FF /* Project object */;
			proxyType = 1;
			remoteGlobalIDString = 2ADC4CF12A129B450040E7FF;
			remoteInfo = MyProfile;
		};
		2ADC4D132A129B470040E7FF /* PBXContainerItemProxy */ = {
			isa = PBXContainerItemProxy;
			containerPortal = 2ADC4CEA2A129B450040E7FF /* Project object */;
			proxyType = 1;
			remoteGlobalIDString = 2ADC4CF12A129B450040E7FF;
			remoteInfo = MyProfile;
		};
/* End PBXContainerItemProxy section */

/* Begin PBXFileReference section */
		09AA2370BF74AB79CCD651DD /* Pods_MyProfileTests.framework */ = {isa = PBXFileReference; explicitFileType = wrapper.framework; includeInIndex = 0; path = Pods_MyProfileTests.framework; sourceTree = BUILT_PRODUCTS_DIR; };
		0E89E7DD48EEC908E8021DEE /* Pods-MyProfileTests.debug.xcconfig */ = {isa = PBXFileReference; includeInIndex = 1; lastKnownFileType = text.xcconfig; name = "Pods-MyProfileTests.debug.xcconfig"; path = "Target Support Files/Pods-MyProfileTests/Pods-MyProfileTests.debug.xcconfig"; sourceTree = "<group>"; };
		2AC9089F2A1336F500A54275 /* ProfileModel.swift */ = {isa = PBXFileReference; lastKnownFileType = sourcecode.swift; path = ProfileModel.swift; sourceTree = "<group>"; };
		2AC908A12A1337AD00A54275 /* ProfileViewModel.swift */ = {isa = PBXFileReference; lastKnownFileType = sourcecode.swift; path = ProfileViewModel.swift; sourceTree = "<group>"; };
		2AC908A32A13383A00A54275 /* NetworkManager.swift */ = {isa = PBXFileReference; lastKnownFileType = sourcecode.swift; path = NetworkManager.swift; sourceTree = "<group>"; };
		2AC908A82A13588000A54275 /* SharedObjects.swift */ = {isa = PBXFileReference; fileEncoding = 4; lastKnownFileType = sourcecode.swift; path = SharedObjects.swift; sourceTree = "<group>"; };
		2AC908AA2A1358B200A54275 /* Helper.swift */ = {isa = PBXFileReference; fileEncoding = 4; lastKnownFileType = sourcecode.swift; path = Helper.swift; sourceTree = "<group>"; };
		2AC908AC2A1358F700A54275 /* UIApplication+Extension.swift */ = {isa = PBXFileReference; lastKnownFileType = sourcecode.swift; path = "UIApplication+Extension.swift"; sourceTree = "<group>"; };
		2AC908B02A135AD200A54275 /* NVActivityIndicatorView.swift */ = {isa = PBXFileReference; fileEncoding = 4; lastKnownFileType = sourcecode.swift; path = NVActivityIndicatorView.swift; sourceTree = "<group>"; };
		2AC908B12A135AD200A54275 /* NVActivityIndicatorAnimationCircleStrokeSpin.swift */ = {isa = PBXFileReference; fileEncoding = 4; lastKnownFileType = sourcecode.swift; path = NVActivityIndicatorAnimationCircleStrokeSpin.swift; sourceTree = "<group>"; };
		2AC908B22A135AD300A54275 /* ProgressHud.swift */ = {isa = PBXFileReference; fileEncoding = 4; lastKnownFileType = sourcecode.swift; path = ProgressHud.swift; sourceTree = "<group>"; };
		2AC908B32A135AD300A54275 /* NVActivityIndicatorAnimationDelegate.swift */ = {isa = PBXFileReference; fileEncoding = 4; lastKnownFileType = sourcecode.swift; path = NVActivityIndicatorAnimationDelegate.swift; sourceTree = "<group>"; };
		2AC908B42A135AD300A54275 /* NVActivityIndicatorAnimationBlank.swift */ = {isa = PBXFileReference; fileEncoding = 4; lastKnownFileType = sourcecode.swift; path = NVActivityIndicatorAnimationBlank.swift; sourceTree = "<group>"; };
		2AC908B52A135AD300A54275 /* NVActivityIndicatorShape.swift */ = {isa = PBXFileReference; fileEncoding = 4; lastKnownFileType = sourcecode.swift; path = NVActivityIndicatorShape.swift; sourceTree = "<group>"; };
		2AC908BC2A135C2600A54275 /* Constants.swift */ = {isa = PBXFileReference; lastKnownFileType = sourcecode.swift; path = Constants.swift; sourceTree = "<group>"; };
		2AC908BE2A135C5800A54275 /* ErrorHandingProtocol.swift */ = {isa = PBXFileReference; fileEncoding = 4; lastKnownFileType = sourcecode.swift; path = ErrorHandingProtocol.swift; sourceTree = "<group>"; };
		2AC908C22A1362D900A54275 /* StoryBoardObjects.swift */ = {isa = PBXFileReference; fileEncoding = 4; lastKnownFileType = sourcecode.swift; path = StoryBoardObjects.swift; sourceTree = "<group>"; };
		2AC908C42A1369E100A54275 /* TableHeaderProfile.swift */ = {isa = PBXFileReference; fileEncoding = 4; lastKnownFileType = sourcecode.swift; path = TableHeaderProfile.swift; sourceTree = "<group>"; };
		2AC908C52A1369E100A54275 /* TableHeaderProfile.xib */ = {isa = PBXFileReference; fileEncoding = 4; lastKnownFileType = file.xib; path = TableHeaderProfile.xib; sourceTree = "<group>"; };
		2AC908C82A136C9A00A54275 /* CellProfileName.swift */ = {isa = PBXFileReference; fileEncoding = 4; lastKnownFileType = sourcecode.swift; path = CellProfileName.swift; sourceTree = "<group>"; };
		2AC908C92A136C9B00A54275 /* CellProfileName.xib */ = {isa = PBXFileReference; fileEncoding = 4; lastKnownFileType = file.xib; path = CellProfileName.xib; sourceTree = "<group>"; };
		2AC908CC2A1372E700A54275 /* ProfileImageTableViewCell.swift */ = {isa = PBXFileReference; fileEncoding = 4; lastKnownFileType = sourcecode.swift; path = ProfileImageTableViewCell.swift; sourceTree = "<group>"; };
		2AC908CD2A1372E700A54275 /* ProfileImageTableViewCell.xib */ = {isa = PBXFileReference; fileEncoding = 4; lastKnownFileType = file.xib; path = ProfileImageTableViewCell.xib; sourceTree = "<group>"; };
		2ADC4CF22A129B450040E7FF /* MyProfile.app */ = {isa = PBXFileReference; explicitFileType = wrapper.application; includeInIndex = 0; path = MyProfile.app; sourceTree = BUILT_PRODUCTS_DIR; };
		2ADC4CF52A129B450040E7FF /* AppDelegate.swift */ = {isa = PBXFileReference; lastKnownFileType = sourcecode.swift; path = AppDelegate.swift; sourceTree = "<group>"; };
		2ADC4CF92A129B450040E7FF /* ProfileViewController.swift */ = {isa = PBXFileReference; lastKnownFileType = sourcecode.swift; path = ProfileViewController.swift; sourceTree = "<group>"; };
		2ADC4CFC2A129B450040E7FF /* Base */ = {isa = PBXFileReference; lastKnownFileType = file.storyboard; name = Base; path = Base.lproj/Main.storyboard; sourceTree = "<group>"; };
		2ADC4CFE2A129B460040E7FF /* Assets.xcassets */ = {isa = PBXFileReference; lastKnownFileType = folder.assetcatalog; path = Assets.xcassets; sourceTree = "<group>"; };
		2ADC4D012A129B460040E7FF /* Base */ = {isa = PBXFileReference; lastKnownFileType = file.storyboard; name = Base; path = Base.lproj/LaunchScreen.storyboard; sourceTree = "<group>"; };
		2ADC4D032A129B460040E7FF /* Info.plist */ = {isa = PBXFileReference; lastKnownFileType = text.plist.xml; path = Info.plist; sourceTree = "<group>"; };
		2ADC4D082A129B470040E7FF /* MyProfileTests.xctest */ = {isa = PBXFileReference; explicitFileType = wrapper.cfbundle; includeInIndex = 0; path = MyProfileTests.xctest; sourceTree = BUILT_PRODUCTS_DIR; };
		2ADC4D0C2A129B470040E7FF /* MyProfileTests.swift */ = {isa = PBXFileReference; lastKnownFileType = sourcecode.swift; path = MyProfileTests.swift; sourceTree = "<group>"; };
		2ADC4D122A129B470040E7FF /* MyProfileUITests.xctest */ = {isa = PBXFileReference; explicitFileType = wrapper.cfbundle; includeInIndex = 0; path = MyProfileUITests.xctest; sourceTree = BUILT_PRODUCTS_DIR; };
		2ADC4D162A129B470040E7FF /* MyProfileUITests.swift */ = {isa = PBXFileReference; lastKnownFileType = sourcecode.swift; path = MyProfileUITests.swift; sourceTree = "<group>"; };
		2ADC4D182A129B470040E7FF /* MyProfileUITestsLaunchTests.swift */ = {isa = PBXFileReference; lastKnownFileType = sourcecode.swift; path = MyProfileUITestsLaunchTests.swift; sourceTree = "<group>"; };
		2ADC4D2B2A129D2F0040E7FF /* Font+Extension.swift */ = {isa = PBXFileReference; fileEncoding = 4; lastKnownFileType = sourcecode.swift; path = "Font+Extension.swift"; sourceTree = "<group>"; };
		2ADC4D2C2A129D2F0040E7FF /* Color+Extension.swift */ = {isa = PBXFileReference; fileEncoding = 4; lastKnownFileType = sourcecode.swift; path = "Color+Extension.swift"; sourceTree = "<group>"; };
		2ADC4D302A129E110040E7FF /* Reachability.swift */ = {isa = PBXFileReference; fileEncoding = 4; lastKnownFileType = sourcecode.swift; path = Reachability.swift; sourceTree = "<group>"; };
		46033851109B593DBEA18416 /* Pods-MyProfile-MyProfileUITests.debug.xcconfig */ = {isa = PBXFileReference; includeInIndex = 1; lastKnownFileType = text.xcconfig; name = "Pods-MyProfile-MyProfileUITests.debug.xcconfig"; path = "Target Support Files/Pods-MyProfile-MyProfileUITests/Pods-MyProfile-MyProfileUITests.debug.xcconfig"; sourceTree = "<group>"; };
		70C83185507D2D68CA8DE657 /* Pods-MyProfile.release.xcconfig */ = {isa = PBXFileReference; includeInIndex = 1; lastKnownFileType = text.xcconfig; name = "Pods-MyProfile.release.xcconfig"; path = "Target Support Files/Pods-MyProfile/Pods-MyProfile.release.xcconfig"; sourceTree = "<group>"; };
		9D219CBE5EE60C80AAD02105 /* Pods-MyProfile.debug.xcconfig */ = {isa = PBXFileReference; includeInIndex = 1; lastKnownFileType = text.xcconfig; name = "Pods-MyProfile.debug.xcconfig"; path = "Target Support Files/Pods-MyProfile/Pods-MyProfile.debug.xcconfig"; sourceTree = "<group>"; };
		BBE575BE8E8E717C7B73A5DA /* Pods_MyProfile_MyProfileUITests.framework */ = {isa = PBXFileReference; explicitFileType = wrapper.framework; includeInIndex = 0; path = Pods_MyProfile_MyProfileUITests.framework; sourceTree = BUILT_PRODUCTS_DIR; };
		C8D6BEBC6CA22F94AE2DAF0F /* Pods-MyProfileTests.release.xcconfig */ = {isa = PBXFileReference; includeInIndex = 1; lastKnownFileType = text.xcconfig; name = "Pods-MyProfileTests.release.xcconfig"; path = "Target Support Files/Pods-MyProfileTests/Pods-MyProfileTests.release.xcconfig"; sourceTree = "<group>"; };
		D455F01B7ADB1A982617BCCC /* Pods_MyProfile.framework */ = {isa = PBXFileReference; explicitFileType = wrapper.framework; includeInIndex = 0; path = Pods_MyProfile.framework; sourceTree = BUILT_PRODUCTS_DIR; };
		DBA9445C28BEA339F22BF16C /* Pods-MyProfile-MyProfileUITests.release.xcconfig */ = {isa = PBXFileReference; includeInIndex = 1; lastKnownFileType = text.xcconfig; name = "Pods-MyProfile-MyProfileUITests.release.xcconfig"; path = "Target Support Files/Pods-MyProfile-MyProfileUITests/Pods-MyProfile-MyProfileUITests.release.xcconfig"; sourceTree = "<group>"; };
/* End PBXFileReference section */

/* Begin PBXFrameworksBuildPhase section */
		2ADC4CEF2A129B450040E7FF /* Frameworks */ = {
			isa = PBXFrameworksBuildPhase;
			buildActionMask = 2147483647;
			files = (
				BA95B3057ADD2A2BEF0AFBD7 /* Pods_MyProfile.framework in Frameworks */,
			);
			runOnlyForDeploymentPostprocessing = 0;
		};
		2ADC4D052A129B470040E7FF /* Frameworks */ = {
			isa = PBXFrameworksBuildPhase;
			buildActionMask = 2147483647;
			files = (
				5427904E78AB529B1723BD52 /* Pods_MyProfileTests.framework in Frameworks */,
			);
			runOnlyForDeploymentPostprocessing = 0;
		};
		2ADC4D0F2A129B470040E7FF /* Frameworks */ = {
			isa = PBXFrameworksBuildPhase;
			buildActionMask = 2147483647;
			files = (
				A80FCAE9AFE58A5BDB527F24 /* Pods_MyProfile_MyProfileUITests.framework in Frameworks */,
			);
			runOnlyForDeploymentPostprocessing = 0;
		};
/* End PBXFrameworksBuildPhase section */

/* Begin PBXGroup section */
		2AC908A72A13586900A54275 /* SingletonShared */ = {
			isa = PBXGroup;
			children = (
				2AC908AA2A1358B200A54275 /* Helper.swift */,
				2AC908A82A13588000A54275 /* SharedObjects.swift */,
			);
			path = SingletonShared;
			sourceTree = "<group>";
		};
		2AC908AE2A135AB400A54275 /* Utilities */ = {
			isa = PBXGroup;
			children = (
				2AC908AF2A135ABE00A54275 /* Loader */,
			);
			path = Utilities;
			sourceTree = "<group>";
		};
		2AC908AF2A135ABE00A54275 /* Loader */ = {
			isa = PBXGroup;
			children = (
				2AC908B42A135AD300A54275 /* NVActivityIndicatorAnimationBlank.swift */,
				2AC908B12A135AD200A54275 /* NVActivityIndicatorAnimationCircleStrokeSpin.swift */,
				2AC908B32A135AD300A54275 /* NVActivityIndicatorAnimationDelegate.swift */,
				2AC908B52A135AD300A54275 /* NVActivityIndicatorShape.swift */,
				2AC908B02A135AD200A54275 /* NVActivityIndicatorView.swift */,
				2AC908B22A135AD300A54275 /* ProgressHud.swift */,
			);
			path = Loader;
			sourceTree = "<group>";
		};
		2AC908D02A1379A800A54275 /* ProfileTableviewCells */ = {
			isa = PBXGroup;
			children = (
				2AC908CC2A1372E700A54275 /* ProfileImageTableViewCell.swift */,
				2AC908CD2A1372E700A54275 /* ProfileImageTableViewCell.xib */,
				2AC908C42A1369E100A54275 /* TableHeaderProfile.swift */,
				2AC908C52A1369E100A54275 /* TableHeaderProfile.xib */,
				2AC908C82A136C9A00A54275 /* CellProfileName.swift */,
				2AC908C92A136C9B00A54275 /* CellProfileName.xib */,
			);
			path = ProfileTableviewCells;
			sourceTree = "<group>";
		};
		2ADC4CE92A129B450040E7FF = {
			isa = PBXGroup;
			children = (
				2ADC4CF42A129B450040E7FF /* MyProfile */,
				2ADC4D0B2A129B470040E7FF /* MyProfileTests */,
				2ADC4D152A129B470040E7FF /* MyProfileUITests */,
				2ADC4CF32A129B450040E7FF /* Products */,
				81CD7B9CF26975366A1C4F65 /* Pods */,
				D2A1EE2F91E8C8BE567488C9 /* Frameworks */,
			);
			sourceTree = "<group>";
		};
		2ADC4CF32A129B450040E7FF /* Products */ = {
			isa = PBXGroup;
			children = (
				2ADC4CF22A129B450040E7FF /* MyProfile.app */,
				2ADC4D082A129B470040E7FF /* MyProfileTests.xctest */,
				2ADC4D122A129B470040E7FF /* MyProfileUITests.xctest */,
			);
			name = Products;
			sourceTree = "<group>";
		};
		2ADC4CF42A129B450040E7FF /* MyProfile */ = {
			isa = PBXGroup;
			children = (
				2ADC4CF52A129B450040E7FF /* AppDelegate.swift */,
				2ADC4D262A129C6C0040E7FF /* Model */,
				2ADC4D272A129C7C0040E7FF /* ViewModel */,
				2ADC4D252A129C540040E7FF /* View */,
				2ADC4D282A129CA40040E7FF /* Controller */,
				2ADC4D2F2A129DF00040E7FF /* Services */,
				2AC908A72A13586900A54275 /* SingletonShared */,
				2AC908AE2A135AB400A54275 /* Utilities */,
				2ADC4D292A129CDE0040E7FF /* Extension */,
				2ADC4CFE2A129B460040E7FF /* Assets.xcassets */,
				2ADC4D002A129B460040E7FF /* LaunchScreen.storyboard */,
				2ADC4D032A129B460040E7FF /* Info.plist */,
			);
			path = MyProfile;
			sourceTree = "<group>";
		};
		2ADC4D0B2A129B470040E7FF /* MyProfileTests */ = {
			isa = PBXGroup;
			children = (
				2ADC4D0C2A129B470040E7FF /* MyProfileTests.swift */,
			);
			path = MyProfileTests;
			sourceTree = "<group>";
		};
		2ADC4D152A129B470040E7FF /* MyProfileUITests */ = {
			isa = PBXGroup;
			children = (
				2ADC4D162A129B470040E7FF /* MyProfileUITests.swift */,
				2ADC4D182A129B470040E7FF /* MyProfileUITestsLaunchTests.swift */,
			);
			path = MyProfileUITests;
			sourceTree = "<group>";
		};
		2ADC4D252A129C540040E7FF /* View */ = {
			isa = PBXGroup;
			children = (
				2AC908D02A1379A800A54275 /* ProfileTableviewCells */,
				2ADC4D2A2A129D070040E7FF /* StoryBoard */,
			);
			path = View;
			sourceTree = "<group>";
		};
		2ADC4D262A129C6C0040E7FF /* Model */ = {
			isa = PBXGroup;
			children = (
				2AC908C22A1362D900A54275 /* StoryBoardObjects.swift */,
				2AC908BE2A135C5800A54275 /* ErrorHandingProtocol.swift */,
				2AC9089F2A1336F500A54275 /* ProfileModel.swift */,
				2AC908BC2A135C2600A54275 /* Constants.swift */,
			);
			path = Model;
			sourceTree = "<group>";
		};
		2ADC4D272A129C7C0040E7FF /* ViewModel */ = {
			isa = PBXGroup;
			children = (
				2AC908A12A1337AD00A54275 /* ProfileViewModel.swift */,
			);
			path = ViewModel;
			sourceTree = "<group>";
		};
		2ADC4D282A129CA40040E7FF /* Controller */ = {
			isa = PBXGroup;
			children = (
				2ADC4CF92A129B450040E7FF /* ProfileViewController.swift */,
			);
			path = Controller;
			sourceTree = "<group>";
		};
		2ADC4D292A129CDE0040E7FF /* Extension */ = {
			isa = PBXGroup;
			children = (
				2ADC4D2C2A129D2F0040E7FF /* Color+Extension.swift */,
				2ADC4D2B2A129D2F0040E7FF /* Font+Extension.swift */,
				2AC908AC2A1358F700A54275 /* UIApplication+Extension.swift */,
			);
			path = Extension;
			sourceTree = "<group>";
		};
		2ADC4D2A2A129D070040E7FF /* StoryBoard */ = {
			isa = PBXGroup;
			children = (
				2ADC4CFB2A129B450040E7FF /* Main.storyboard */,
			);
			path = StoryBoard;
			sourceTree = "<group>";
		};
		2ADC4D2F2A129DF00040E7FF /* Services */ = {
			isa = PBXGroup;
			children = (
				2ADC4D302A129E110040E7FF /* Reachability.swift */,
				2AC908A32A13383A00A54275 /* NetworkManager.swift */,
			);
			path = Services;
			sourceTree = "<group>";
		};
		81CD7B9CF26975366A1C4F65 /* Pods */ = {
			isa = PBXGroup;
			children = (
				9D219CBE5EE60C80AAD02105 /* Pods-MyProfile.debug.xcconfig */,
				70C83185507D2D68CA8DE657 /* Pods-MyProfile.release.xcconfig */,
				46033851109B593DBEA18416 /* Pods-MyProfile-MyProfileUITests.debug.xcconfig */,
				DBA9445C28BEA339F22BF16C /* Pods-MyProfile-MyProfileUITests.release.xcconfig */,
				0E89E7DD48EEC908E8021DEE /* Pods-MyProfileTests.debug.xcconfig */,
				C8D6BEBC6CA22F94AE2DAF0F /* Pods-MyProfileTests.release.xcconfig */,
			);
			path = Pods;
			sourceTree = "<group>";
		};
		D2A1EE2F91E8C8BE567488C9 /* Frameworks */ = {
			isa = PBXGroup;
			children = (
				D455F01B7ADB1A982617BCCC /* Pods_MyProfile.framework */,
				BBE575BE8E8E717C7B73A5DA /* Pods_MyProfile_MyProfileUITests.framework */,
				09AA2370BF74AB79CCD651DD /* Pods_MyProfileTests.framework */,
			);
			name = Frameworks;
			sourceTree = "<group>";
		};
/* End PBXGroup section */

/* Begin PBXNativeTarget section */
		2ADC4CF12A129B450040E7FF /* MyProfile */ = {
			isa = PBXNativeTarget;
			buildConfigurationList = 2ADC4D1C2A129B470040E7FF /* Build configuration list for PBXNativeTarget "MyProfile" */;
			buildPhases = (
				0CF364A36CDBE79461BBAC37 /* [CP] Check Pods Manifest.lock */,
				2ADC4CEE2A129B450040E7FF /* Sources */,
				2ADC4CEF2A129B450040E7FF /* Frameworks */,
				2ADC4CF02A129B450040E7FF /* Resources */,
				A006B488023AF90BCD241A0E /* [CP] Embed Pods Frameworks */,
			);
			buildRules = (
			);
			dependencies = (
			);
			name = MyProfile;
			productName = MyProfile;
			productReference = 2ADC4CF22A129B450040E7FF /* MyProfile.app */;
			productType = "com.apple.product-type.application";
		};
		2ADC4D072A129B470040E7FF /* MyProfileTests */ = {
			isa = PBXNativeTarget;
			buildConfigurationList = 2ADC4D1F2A129B470040E7FF /* Build configuration list for PBXNativeTarget "MyProfileTests" */;
			buildPhases = (
				AE6312864D091C5B64777139 /* [CP] Check Pods Manifest.lock */,
				2ADC4D042A129B470040E7FF /* Sources */,
				2ADC4D052A129B470040E7FF /* Frameworks */,
				2ADC4D062A129B470040E7FF /* Resources */,
			);
			buildRules = (
			);
			dependencies = (
				2ADC4D0A2A129B470040E7FF /* PBXTargetDependency */,
			);
			name = MyProfileTests;
			productName = MyProfileTests;
			productReference = 2ADC4D082A129B470040E7FF /* MyProfileTests.xctest */;
			productType = "com.apple.product-type.bundle.unit-test";
		};
		2ADC4D112A129B470040E7FF /* MyProfileUITests */ = {
			isa = PBXNativeTarget;
			buildConfigurationList = 2ADC4D222A129B470040E7FF /* Build configuration list for PBXNativeTarget "MyProfileUITests" */;
			buildPhases = (
				6D238DE597144AA8C3D7111D /* [CP] Check Pods Manifest.lock */,
				2ADC4D0E2A129B470040E7FF /* Sources */,
				2ADC4D0F2A129B470040E7FF /* Frameworks */,
				2ADC4D102A129B470040E7FF /* Resources */,
				10B0E5F239A7D4D1BD870360 /* [CP] Embed Pods Frameworks */,
			);
			buildRules = (
			);
			dependencies = (
				2ADC4D142A129B470040E7FF /* PBXTargetDependency */,
			);
			name = MyProfileUITests;
			productName = MyProfileUITests;
			productReference = 2ADC4D122A129B470040E7FF /* MyProfileUITests.xctest */;
			productType = "com.apple.product-type.bundle.ui-testing";
		};
/* End PBXNativeTarget section */

/* Begin PBXProject section */
		2ADC4CEA2A129B450040E7FF /* Project object */ = {
			isa = PBXProject;
			attributes = {
				BuildIndependentTargetsInParallel = 1;
				LastSwiftUpdateCheck = 1420;
				LastUpgradeCheck = 1420;
				TargetAttributes = {
					2ADC4CF12A129B450040E7FF = {
						CreatedOnToolsVersion = 14.2;
					};
					2ADC4D072A129B470040E7FF = {
						CreatedOnToolsVersion = 14.2;
						TestTargetID = 2ADC4CF12A129B450040E7FF;
					};
					2ADC4D112A129B470040E7FF = {
						CreatedOnToolsVersion = 14.2;
						TestTargetID = 2ADC4CF12A129B450040E7FF;
					};
				};
			};
			buildConfigurationList = 2ADC4CED2A129B450040E7FF /* Build configuration list for PBXProject "MyProfile" */;
			compatibilityVersion = "Xcode 14.0";
			developmentRegion = en;
			hasScannedForEncodings = 0;
			knownRegions = (
				en,
				Base,
			);
			mainGroup = 2ADC4CE92A129B450040E7FF;
			productRefGroup = 2ADC4CF32A129B450040E7FF /* Products */;
			projectDirPath = "";
			projectRoot = "";
			targets = (
				2ADC4CF12A129B450040E7FF /* MyProfile */,
				2ADC4D072A129B470040E7FF /* MyProfileTests */,
				2ADC4D112A129B470040E7FF /* MyProfileUITests */,
			);
		};
/* End PBXProject section */

/* Begin PBXResourcesBuildPhase section */
		2ADC4CF02A129B450040E7FF /* Resources */ = {
			isa = PBXResourcesBuildPhase;
			buildActionMask = 2147483647;
			files = (
				2ADC4D022A129B460040E7FF /* LaunchScreen.storyboard in Resources */,
				2AC908CF2A1372E700A54275 /* ProfileImageTableViewCell.xib in Resources */,
				2AC908CB2A136C9B00A54275 /* CellProfileName.xib in Resources */,
				2AC908C72A1369E100A54275 /* TableHeaderProfile.xib in Resources */,
				2ADC4CFF2A129B460040E7FF /* Assets.xcassets in Resources */,
				2ADC4CFD2A129B450040E7FF /* Main.storyboard in Resources */,
			);
			runOnlyForDeploymentPostprocessing = 0;
		};
		2ADC4D062A129B470040E7FF /* Resources */ = {
			isa = PBXResourcesBuildPhase;
			buildActionMask = 2147483647;
			files = (
			);
			runOnlyForDeploymentPostprocessing = 0;
		};
		2ADC4D102A129B470040E7FF /* Resources */ = {
			isa = PBXResourcesBuildPhase;
			buildActionMask = 2147483647;
			files = (
			);
			runOnlyForDeploymentPostprocessing = 0;
		};
/* End PBXResourcesBuildPhase section */

/* Begin PBXShellScriptBuildPhase section */
		0CF364A36CDBE79461BBAC37 /* [CP] Check Pods Manifest.lock */ = {
			isa = PBXShellScriptBuildPhase;
			buildActionMask = 2147483647;
			files = (
			);
			inputFileListPaths = (
			);
			inputPaths = (
				"${PODS_PODFILE_DIR_PATH}/Podfile.lock",
				"${PODS_ROOT}/Manifest.lock",
			);
			name = "[CP] Check Pods Manifest.lock";
			outputFileListPaths = (
			);
			outputPaths = (
				"$(DERIVED_FILE_DIR)/Pods-MyProfile-checkManifestLockResult.txt",
			);
			runOnlyForDeploymentPostprocessing = 0;
			shellPath = /bin/sh;
			shellScript = "diff \"${PODS_PODFILE_DIR_PATH}/Podfile.lock\" \"${PODS_ROOT}/Manifest.lock\" > /dev/null\nif [ $? != 0 ] ; then\n    # print error to STDERR\n    echo \"error: The sandbox is not in sync with the Podfile.lock. Run 'pod install' or update your CocoaPods installation.\" >&2\n    exit 1\nfi\n# This output is used by Xcode 'outputs' to avoid re-running this script phase.\necho \"SUCCESS\" > \"${SCRIPT_OUTPUT_FILE_0}\"\n";
			showEnvVarsInLog = 0;
		};
		10B0E5F239A7D4D1BD870360 /* [CP] Embed Pods Frameworks */ = {
			isa = PBXShellScriptBuildPhase;
			buildActionMask = 2147483647;
			files = (
			);
			inputFileListPaths = (
				"${PODS_ROOT}/Target Support Files/Pods-MyProfile-MyProfileUITests/Pods-MyProfile-MyProfileUITests-frameworks-${CONFIGURATION}-input-files.xcfilelist",
			);
			name = "[CP] Embed Pods Frameworks";
			outputFileListPaths = (
				"${PODS_ROOT}/Target Support Files/Pods-MyProfile-MyProfileUITests/Pods-MyProfile-MyProfileUITests-frameworks-${CONFIGURATION}-output-files.xcfilelist",
			);
			runOnlyForDeploymentPostprocessing = 0;
			shellPath = /bin/sh;
			shellScript = "\"${PODS_ROOT}/Target Support Files/Pods-MyProfile-MyProfileUITests/Pods-MyProfile-MyProfileUITests-frameworks.sh\"\n";
			showEnvVarsInLog = 0;
		};
		6D238DE597144AA8C3D7111D /* [CP] Check Pods Manifest.lock */ = {
			isa = PBXShellScriptBuildPhase;
			buildActionMask = 2147483647;
			files = (
			);
			inputFileListPaths = (
			);
			inputPaths = (
				"${PODS_PODFILE_DIR_PATH}/Podfile.lock",
				"${PODS_ROOT}/Manifest.lock",
			);
			name = "[CP] Check Pods Manifest.lock";
			outputFileListPaths = (
			);
			outputPaths = (
				"$(DERIVED_FILE_DIR)/Pods-MyProfile-MyProfileUITests-checkManifestLockResult.txt",
			);
			runOnlyForDeploymentPostprocessing = 0;
			shellPath = /bin/sh;
			shellScript = "diff \"${PODS_PODFILE_DIR_PATH}/Podfile.lock\" \"${PODS_ROOT}/Manifest.lock\" > /dev/null\nif [ $? != 0 ] ; then\n    # print error to STDERR\n    echo \"error: The sandbox is not in sync with the Podfile.lock. Run 'pod install' or update your CocoaPods installation.\" >&2\n    exit 1\nfi\n# This output is used by Xcode 'outputs' to avoid re-running this script phase.\necho \"SUCCESS\" > \"${SCRIPT_OUTPUT_FILE_0}\"\n";
			showEnvVarsInLog = 0;
		};
		A006B488023AF90BCD241A0E /* [CP] Embed Pods Frameworks */ = {
			isa = PBXShellScriptBuildPhase;
			buildActionMask = 2147483647;
			files = (
			);
			inputFileListPaths = (
				"${PODS_ROOT}/Target Support Files/Pods-MyProfile/Pods-MyProfile-frameworks-${CONFIGURATION}-input-files.xcfilelist",
			);
			name = "[CP] Embed Pods Frameworks";
			outputFileListPaths = (
				"${PODS_ROOT}/Target Support Files/Pods-MyProfile/Pods-MyProfile-frameworks-${CONFIGURATION}-output-files.xcfilelist",
			);
			runOnlyForDeploymentPostprocessing = 0;
			shellPath = /bin/sh;
			shellScript = "\"${PODS_ROOT}/Target Support Files/Pods-MyProfile/Pods-MyProfile-frameworks.sh\"\n";
			showEnvVarsInLog = 0;
		};
		AE6312864D091C5B64777139 /* [CP] Check Pods Manifest.lock */ = {
			isa = PBXShellScriptBuildPhase;
			buildActionMask = 2147483647;
			files = (
			);
			inputFileListPaths = (
			);
			inputPaths = (
				"${PODS_PODFILE_DIR_PATH}/Podfile.lock",
				"${PODS_ROOT}/Manifest.lock",
			);
			name = "[CP] Check Pods Manifest.lock";
			outputFileListPaths = (
			);
			outputPaths = (
				"$(DERIVED_FILE_DIR)/Pods-MyProfileTests-checkManifestLockResult.txt",
			);
			runOnlyForDeploymentPostprocessing = 0;
			shellPath = /bin/sh;
			shellScript = "diff \"${PODS_PODFILE_DIR_PATH}/Podfile.lock\" \"${PODS_ROOT}/Manifest.lock\" > /dev/null\nif [ $? != 0 ] ; then\n    # print error to STDERR\n    echo \"error: The sandbox is not in sync with the Podfile.lock. Run 'pod install' or update your CocoaPods installation.\" >&2\n    exit 1\nfi\n# This output is used by Xcode 'outputs' to avoid re-running this script phase.\necho \"SUCCESS\" > \"${SCRIPT_OUTPUT_FILE_0}\"\n";
			showEnvVarsInLog = 0;
		};
/* End PBXShellScriptBuildPhase section */

/* Begin PBXSourcesBuildPhase section */
		2ADC4CEE2A129B450040E7FF /* Sources */ = {
			isa = PBXSourcesBuildPhase;
			buildActionMask = 2147483647;
			files = (
				2AC908BB2A135AD300A54275 /* NVActivityIndicatorShape.swift in Sources */,
				2AC908C62A1369E100A54275 /* TableHeaderProfile.swift in Sources */,
				2AC908CA2A136C9B00A54275 /* CellProfileName.swift in Sources */,
				2AC908BD2A135C2600A54275 /* Constants.swift in Sources */,
				2AC908AB2A1358B200A54275 /* Helper.swift in Sources */,
				2AC908B82A135AD300A54275 /* ProgressHud.swift in Sources */,
				2AC908BA2A135AD300A54275 /* NVActivityIndicatorAnimationBlank.swift in Sources */,
				2AC908B72A135AD300A54275 /* NVActivityIndicatorAnimationCircleStrokeSpin.swift in Sources */,
				2AC908A42A13383A00A54275 /* NetworkManager.swift in Sources */,
				2ADC4CFA2A129B450040E7FF /* ProfileViewController.swift in Sources */,
				2AC908A02A1336F500A54275 /* ProfileModel.swift in Sources */,
				2ADC4D2E2A129D2F0040E7FF /* Color+Extension.swift in Sources */,
				2AC908CE2A1372E700A54275 /* ProfileImageTableViewCell.swift in Sources */,
				2ADC4D312A129E110040E7FF /* Reachability.swift in Sources */,
				2ADC4CF62A129B450040E7FF /* AppDelegate.swift in Sources */,
				2ADC4D2D2A129D2F0040E7FF /* Font+Extension.swift in Sources */,
				2AC908C32A1362D900A54275 /* StoryBoardObjects.swift in Sources */,
				2AC908A22A1337AD00A54275 /* ProfileViewModel.swift in Sources */,
				2AC908BF2A135C5800A54275 /* ErrorHandingProtocol.swift in Sources */,
				2AC908AD2A1358F700A54275 /* UIApplication+Extension.swift in Sources */,
				2AC908A92A13588000A54275 /* SharedObjects.swift in Sources */,
				2AC908B92A135AD300A54275 /* NVActivityIndicatorAnimationDelegate.swift in Sources */,
				2AC908B62A135AD300A54275 /* NVActivityIndicatorView.swift in Sources */,
			);
			runOnlyForDeploymentPostprocessing = 0;
		};
		2ADC4D042A129B470040E7FF /* Sources */ = {
			isa = PBXSourcesBuildPhase;
			buildActionMask = 2147483647;
			files = (
				2ADC4D0D2A129B470040E7FF /* MyProfileTests.swift in Sources */,
			);
			runOnlyForDeploymentPostprocessing = 0;
		};
		2ADC4D0E2A129B470040E7FF /* Sources */ = {
			isa = PBXSourcesBuildPhase;
			buildActionMask = 2147483647;
			files = (
				2ADC4D192A129B470040E7FF /* MyProfileUITestsLaunchTests.swift in Sources */,
				2ADC4D172A129B470040E7FF /* MyProfileUITests.swift in Sources */,
			);
			runOnlyForDeploymentPostprocessing = 0;
		};
/* End PBXSourcesBuildPhase section */

/* Begin PBXTargetDependency section */
		2ADC4D0A2A129B470040E7FF /* PBXTargetDependency */ = {
			isa = PBXTargetDependency;
			target = 2ADC4CF12A129B450040E7FF /* MyProfile */;
			targetProxy = 2ADC4D092A129B470040E7FF /* PBXContainerItemProxy */;
		};
		2ADC4D142A129B470040E7FF /* PBXTargetDependency */ = {
			isa = PBXTargetDependency;
			target = 2ADC4CF12A129B450040E7FF /* MyProfile */;
			targetProxy = 2ADC4D132A129B470040E7FF /* PBXContainerItemProxy */;
		};
/* End PBXTargetDependency section */

/* Begin PBXVariantGroup section */
		2ADC4CFB2A129B450040E7FF /* Main.storyboard */ = {
			isa = PBXVariantGroup;
			children = (
				2ADC4CFC2A129B450040E7FF /* Base */,
			);
			name = Main.storyboard;
			sourceTree = "<group>";
		};
		2ADC4D002A129B460040E7FF /* LaunchScreen.storyboard */ = {
			isa = PBXVariantGroup;
			children = (
				2ADC4D012A129B460040E7FF /* Base */,
			);
			name = LaunchScreen.storyboard;
			sourceTree = "<group>";
		};
/* End PBXVariantGroup section */

/* Begin XCBuildConfiguration section */
		2ADC4D1A2A129B470040E7FF /* Debug */ = {
			isa = XCBuildConfiguration;
			buildSettings = {
				ALWAYS_SEARCH_USER_PATHS = NO;
				CLANG_ANALYZER_NONNULL = YES;
				CLANG_ANALYZER_NUMBER_OBJECT_CONVERSION = YES_AGGRESSIVE;
				CLANG_CXX_LANGUAGE_STANDARD = "gnu++20";
				CLANG_ENABLE_MODULES = YES;
				CLANG_ENABLE_OBJC_ARC = YES;
				CLANG_ENABLE_OBJC_WEAK = YES;
				CLANG_WARN_BLOCK_CAPTURE_AUTORELEASING = YES;
				CLANG_WARN_BOOL_CONVERSION = YES;
				CLANG_WARN_COMMA = YES;
				CLANG_WARN_CONSTANT_CONVERSION = YES;
				CLANG_WARN_DEPRECATED_OBJC_IMPLEMENTATIONS = YES;
				CLANG_WARN_DIRECT_OBJC_ISA_USAGE = YES_ERROR;
				CLANG_WARN_DOCUMENTATION_COMMENTS = YES;
				CLANG_WARN_EMPTY_BODY = YES;
				CLANG_WARN_ENUM_CONVERSION = YES;
				CLANG_WARN_INFINITE_RECURSION = YES;
				CLANG_WARN_INT_CONVERSION = YES;
				CLANG_WARN_NON_LITERAL_NULL_CONVERSION = YES;
				CLANG_WARN_OBJC_IMPLICIT_RETAIN_SELF = YES;
				CLANG_WARN_OBJC_LITERAL_CONVERSION = YES;
				CLANG_WARN_OBJC_ROOT_CLASS = YES_ERROR;
				CLANG_WARN_QUOTED_INCLUDE_IN_FRAMEWORK_HEADER = YES;
				CLANG_WARN_RANGE_LOOP_ANALYSIS = YES;
				CLANG_WARN_STRICT_PROTOTYPES = YES;
				CLANG_WARN_SUSPICIOUS_MOVE = YES;
				CLANG_WARN_UNGUARDED_AVAILABILITY = YES_AGGRESSIVE;
				CLANG_WARN_UNREACHABLE_CODE = YES;
				CLANG_WARN__DUPLICATE_METHOD_MATCH = YES;
				COPY_PHASE_STRIP = NO;
				DEBUG_INFORMATION_FORMAT = dwarf;
				ENABLE_STRICT_OBJC_MSGSEND = YES;
				ENABLE_TESTABILITY = YES;
				GCC_C_LANGUAGE_STANDARD = gnu11;
				GCC_DYNAMIC_NO_PIC = NO;
				GCC_NO_COMMON_BLOCKS = YES;
				GCC_OPTIMIZATION_LEVEL = 0;
				GCC_PREPROCESSOR_DEFINITIONS = (
					"DEBUG=1",
					"$(inherited)",
				);
				GCC_WARN_64_TO_32_BIT_CONVERSION = YES;
				GCC_WARN_ABOUT_RETURN_TYPE = YES_ERROR;
				GCC_WARN_UNDECLARED_SELECTOR = YES;
				GCC_WARN_UNINITIALIZED_AUTOS = YES_AGGRESSIVE;
				GCC_WARN_UNUSED_FUNCTION = YES;
				GCC_WARN_UNUSED_VARIABLE = YES;
				IPHONEOS_DEPLOYMENT_TARGET = 14.0;
				MTL_ENABLE_DEBUG_INFO = INCLUDE_SOURCE;
				MTL_FAST_MATH = YES;
				ONLY_ACTIVE_ARCH = YES;
				SDKROOT = iphoneos;
				SWIFT_ACTIVE_COMPILATION_CONDITIONS = DEBUG;
				SWIFT_OPTIMIZATION_LEVEL = "-Onone";
			};
			name = Debug;
		};
		2ADC4D1B2A129B470040E7FF /* Release */ = {
			isa = XCBuildConfiguration;
			buildSettings = {
				ALWAYS_SEARCH_USER_PATHS = NO;
				CLANG_ANALYZER_NONNULL = YES;
				CLANG_ANALYZER_NUMBER_OBJECT_CONVERSION = YES_AGGRESSIVE;
				CLANG_CXX_LANGUAGE_STANDARD = "gnu++20";
				CLANG_ENABLE_MODULES = YES;
				CLANG_ENABLE_OBJC_ARC = YES;
				CLANG_ENABLE_OBJC_WEAK = YES;
				CLANG_WARN_BLOCK_CAPTURE_AUTORELEASING = YES;
				CLANG_WARN_BOOL_CONVERSION = YES;
				CLANG_WARN_COMMA = YES;
				CLANG_WARN_CONSTANT_CONVERSION = YES;
				CLANG_WARN_DEPRECATED_OBJC_IMPLEMENTATIONS = YES;
				CLANG_WARN_DIRECT_OBJC_ISA_USAGE = YES_ERROR;
				CLANG_WARN_DOCUMENTATION_COMMENTS = YES;
				CLANG_WARN_EMPTY_BODY = YES;
				CLANG_WARN_ENUM_CONVERSION = YES;
				CLANG_WARN_INFINITE_RECURSION = YES;
				CLANG_WARN_INT_CONVERSION = YES;
				CLANG_WARN_NON_LITERAL_NULL_CONVERSION = YES;
				CLANG_WARN_OBJC_IMPLICIT_RETAIN_SELF = YES;
				CLANG_WARN_OBJC_LITERAL_CONVERSION = YES;
				CLANG_WARN_OBJC_ROOT_CLASS = YES_ERROR;
				CLANG_WARN_QUOTED_INCLUDE_IN_FRAMEWORK_HEADER = YES;
				CLANG_WARN_RANGE_LOOP_ANALYSIS = YES;
				CLANG_WARN_STRICT_PROTOTYPES = YES;
				CLANG_WARN_SUSPICIOUS_MOVE = YES;
				CLANG_WARN_UNGUARDED_AVAILABILITY = YES_AGGRESSIVE;
				CLANG_WARN_UNREACHABLE_CODE = YES;
				CLANG_WARN__DUPLICATE_METHOD_MATCH = YES;
				COPY_PHASE_STRIP = NO;
				DEBUG_INFORMATION_FORMAT = "dwarf-with-dsym";
				ENABLE_NS_ASSERTIONS = NO;
				ENABLE_STRICT_OBJC_MSGSEND = YES;
				GCC_C_LANGUAGE_STANDARD = gnu11;
				GCC_NO_COMMON_BLOCKS = YES;
				GCC_WARN_64_TO_32_BIT_CONVERSION = YES;
				GCC_WARN_ABOUT_RETURN_TYPE = YES_ERROR;
				GCC_WARN_UNDECLARED_SELECTOR = YES;
				GCC_WARN_UNINITIALIZED_AUTOS = YES_AGGRESSIVE;
				GCC_WARN_UNUSED_FUNCTION = YES;
				GCC_WARN_UNUSED_VARIABLE = YES;
				IPHONEOS_DEPLOYMENT_TARGET = 14.0;
				MTL_ENABLE_DEBUG_INFO = NO;
				MTL_FAST_MATH = YES;
				SDKROOT = iphoneos;
				SWIFT_COMPILATION_MODE = wholemodule;
				SWIFT_OPTIMIZATION_LEVEL = "-O";
				VALIDATE_PRODUCT = YES;
			};
			name = Release;
		};
		2ADC4D1D2A129B470040E7FF /* Debug */ = {
			isa = XCBuildConfiguration;
			baseConfigurationReference = 9D219CBE5EE60C80AAD02105 /* Pods-MyProfile.debug.xcconfig */;
			buildSettings = {
				ASSETCATALOG_COMPILER_APPICON_NAME = AppIcon;
				ASSETCATALOG_COMPILER_GLOBAL_ACCENT_COLOR_NAME = AccentColor;
				CODE_SIGN_STYLE = Automatic;
				CURRENT_PROJECT_VERSION = 1;
				GENERATE_INFOPLIST_FILE = YES;
				INFOPLIST_FILE = MyProfile/Info.plist;
				INFOPLIST_KEY_UIApplicationSupportsIndirectInputEvents = YES;
				INFOPLIST_KEY_UILaunchStoryboardName = LaunchScreen;
				INFOPLIST_KEY_UIMainStoryboardFile = Main;
				INFOPLIST_KEY_UISupportedInterfaceOrientations_iPad = "UIInterfaceOrientationPortrait UIInterfaceOrientationPortraitUpsideDown UIInterfaceOrientationLandscapeLeft UIInterfaceOrientationLandscapeRight";
				INFOPLIST_KEY_UISupportedInterfaceOrientations_iPhone = "UIInterfaceOrientationPortrait UIInterfaceOrientationLandscapeLeft UIInterfaceOrientationLandscapeRight";
				LD_RUNPATH_SEARCH_PATHS = (
					"$(inherited)",
					"@executable_path/Frameworks",
				);
				MARKETING_VERSION = 1.0;
				PRODUCT_BUNDLE_IDENTIFIER = com.sharmiladevi.MyProfile;
				PRODUCT_NAME = "$(TARGET_NAME)";
				SWIFT_EMIT_LOC_STRINGS = YES;
				SWIFT_VERSION = 5.0;
				TARGETED_DEVICE_FAMILY = "1,2";
			};
			name = Debug;
		};
		2ADC4D1E2A129B470040E7FF /* Release */ = {
			isa = XCBuildConfiguration;
			baseConfigurationReference = 70C83185507D2D68CA8DE657 /* Pods-MyProfile.release.xcconfig */;
			buildSettings = {
				ASSETCATALOG_COMPILER_APPICON_NAME = AppIcon;
				ASSETCATALOG_COMPILER_GLOBAL_ACCENT_COLOR_NAME = AccentColor;
				CODE_SIGN_STYLE = Automatic;
				CURRENT_PROJECT_VERSION = 1;
				GENERATE_INFOPLIST_FILE = YES;
				INFOPLIST_FILE = MyProfile/Info.plist;
				INFOPLIST_KEY_UIApplicationSupportsIndirectInputEvents = YES;
				INFOPLIST_KEY_UILaunchStoryboardName = LaunchScreen;
				INFOPLIST_KEY_UIMainStoryboardFile = Main;
				INFOPLIST_KEY_UISupportedInterfaceOrientations_iPad = "UIInterfaceOrientationPortrait UIInterfaceOrientationPortraitUpsideDown UIInterfaceOrientationLandscapeLeft UIInterfaceOrientationLandscapeRight";
				INFOPLIST_KEY_UISupportedInterfaceOrientations_iPhone = "UIInterfaceOrientationPortrait UIInterfaceOrientationLandscapeLeft UIInterfaceOrientationLandscapeRight";
				LD_RUNPATH_SEARCH_PATHS = (
					"$(inherited)",
					"@executable_path/Frameworks",
				);
				MARKETING_VERSION = 1.0;
				PRODUCT_BUNDLE_IDENTIFIER = com.sharmiladevi.MyProfile;
				PRODUCT_NAME = "$(TARGET_NAME)";
				SWIFT_EMIT_LOC_STRINGS = YES;
				SWIFT_VERSION = 5.0;
				TARGETED_DEVICE_FAMILY = "1,2";
			};
			name = Release;
		};
		2ADC4D202A129B470040E7FF /* Debug */ = {
			isa = XCBuildConfiguration;
			baseConfigurationReference = 0E89E7DD48EEC908E8021DEE /* Pods-MyProfileTests.debug.xcconfig */;
			buildSettings = {
				ALWAYS_EMBED_SWIFT_STANDARD_LIBRARIES = YES;
				BUNDLE_LOADER = "$(TEST_HOST)";
				CODE_SIGN_STYLE = Automatic;
				CURRENT_PROJECT_VERSION = 1;
				GENERATE_INFOPLIST_FILE = YES;
				IPHONEOS_DEPLOYMENT_TARGET = 16.2;
				MARKETING_VERSION = 1.0;
				PRODUCT_BUNDLE_IDENTIFIER = com.sharmiladevi.MyProfileTests;
				PRODUCT_NAME = "$(TARGET_NAME)";
				SWIFT_EMIT_LOC_STRINGS = NO;
				SWIFT_VERSION = 5.0;
				TARGETED_DEVICE_FAMILY = "1,2";
				TEST_HOST = "$(BUILT_PRODUCTS_DIR)/MyProfile.app/$(BUNDLE_EXECUTABLE_FOLDER_PATH)/MyProfile";
			};
			name = Debug;
		};
		2ADC4D212A129B470040E7FF /* Release */ = {
			isa = XCBuildConfiguration;
			baseConfigurationReference = C8D6BEBC6CA22F94AE2DAF0F /* Pods-MyProfileTests.release.xcconfig */;
			buildSettings = {
				ALWAYS_EMBED_SWIFT_STANDARD_LIBRARIES = YES;
				BUNDLE_LOADER = "$(TEST_HOST)";
				CODE_SIGN_STYLE = Automatic;
				CURRENT_PROJECT_VERSION = 1;
				GENERATE_INFOPLIST_FILE = YES;
				IPHONEOS_DEPLOYMENT_TARGET = 16.2;
				MARKETING_VERSION = 1.0;
				PRODUCT_BUNDLE_IDENTIFIER = com.sharmiladevi.MyProfileTests;
				PRODUCT_NAME = "$(TARGET_NAME)";
				SWIFT_EMIT_LOC_STRINGS = NO;
				SWIFT_VERSION = 5.0;
				TARGETED_DEVICE_FAMILY = "1,2";
				TEST_HOST = "$(BUILT_PRODUCTS_DIR)/MyProfile.app/$(BUNDLE_EXECUTABLE_FOLDER_PATH)/MyProfile";
			};
			name = Release;
		};
		2ADC4D232A129B470040E7FF /* Debug */ = {
			isa = XCBuildConfiguration;
			baseConfigurationReference = 46033851109B593DBEA18416 /* Pods-MyProfile-MyProfileUITests.debug.xcconfig */;
			buildSettings = {
				ALWAYS_EMBED_SWIFT_STANDARD_LIBRARIES = YES;
				CODE_SIGN_STYLE = Automatic;
				CURRENT_PROJECT_VERSION = 1;
				GENERATE_INFOPLIST_FILE = YES;
				MARKETING_VERSION = 1.0;
				PRODUCT_BUNDLE_IDENTIFIER = com.sharmiladevi.MyProfileUITests;
				PRODUCT_NAME = "$(TARGET_NAME)";
				SWIFT_EMIT_LOC_STRINGS = NO;
				SWIFT_VERSION = 5.0;
				TARGETED_DEVICE_FAMILY = "1,2";
				TEST_TARGET_NAME = MyProfile;
			};
			name = Debug;
		};
		2ADC4D242A129B470040E7FF /* Release */ = {
			isa = XCBuildConfiguration;
			baseConfigurationReference = DBA9445C28BEA339F22BF16C /* Pods-MyProfile-MyProfileUITests.release.xcconfig */;
			buildSettings = {
				ALWAYS_EMBED_SWIFT_STANDARD_LIBRARIES = YES;
				CODE_SIGN_STYLE = Automatic;
				CURRENT_PROJECT_VERSION = 1;
				GENERATE_INFOPLIST_FILE = YES;
				MARKETING_VERSION = 1.0;
				PRODUCT_BUNDLE_IDENTIFIER = com.sharmiladevi.MyProfileUITests;
				PRODUCT_NAME = "$(TARGET_NAME)";
				SWIFT_EMIT_LOC_STRINGS = NO;
				SWIFT_VERSION = 5.0;
				TARGETED_DEVICE_FAMILY = "1,2";
				TEST_TARGET_NAME = MyProfile;
			};
			name = Release;
		};
/* End XCBuildConfiguration section */

/* Begin XCConfigurationList section */
		2ADC4CED2A129B450040E7FF /* Build configuration list for PBXProject "MyProfile" */ = {
			isa = XCConfigurationList;
			buildConfigurations = (
				2ADC4D1A2A129B470040E7FF /* Debug */,
				2ADC4D1B2A129B470040E7FF /* Release */,
			);
			defaultConfigurationIsVisible = 0;
			defaultConfigurationName = Release;
		};
		2ADC4D1C2A129B470040E7FF /* Build configuration list for PBXNativeTarget "MyProfile" */ = {
			isa = XCConfigurationList;
			buildConfigurations = (
				2ADC4D1D2A129B470040E7FF /* Debug */,
				2ADC4D1E2A129B470040E7FF /* Release */,
			);
			defaultConfigurationIsVisible = 0;
			defaultConfigurationName = Release;
		};
		2ADC4D1F2A129B470040E7FF /* Build configuration list for PBXNativeTarget "MyProfileTests" */ = {
			isa = XCConfigurationList;
			buildConfigurations = (
				2ADC4D202A129B470040E7FF /* Debug */,
				2ADC4D212A129B470040E7FF /* Release */,
			);
			defaultConfigurationIsVisible = 0;
			defaultConfigurationName = Release;
		};
		2ADC4D222A129B470040E7FF /* Build configuration list for PBXNativeTarget "MyProfileUITests" */ = {
			isa = XCConfigurationList;
			buildConfigurations = (
				2ADC4D232A129B470040E7FF /* Debug */,
				2ADC4D242A129B470040E7FF /* Release */,
			);
			defaultConfigurationIsVisible = 0;
			defaultConfigurationName = Release;
		};
/* End XCConfigurationList section */
	};
	rootObject = 2ADC4CEA2A129B450040E7FF /* Project object */;
}
